        "@noble/curves": "^2.0.1",
        "@noble/hashes": "^2.0.1",
        "@types/jsonld": "^1.5.15",
        "cbor": "^10.0.11",
        "jsonld": "^8.3.3",
    "node_modules/@digitalbazaar/http-client": {
      "version": "3.4.1",
      "resolved": "https://registry.npmjs.org/@digitalbazaar/http-client/-/http-client-3.4.1.tgz",
      "integrity": "sha512-Ahk1N+s7urkgj7WvvUND5f8GiWEPfUw0D41hdElaqLgu8wZScI8gdI0q+qWw5N1d35x7GCRH2uk9mi+Uzo9M3g==",
      "license": "BSD-3-Clause",
      "dependencies": {
        "ky": "^0.33.3",
        "ky-universal": "^0.11.0",
        "undici": "^5.21.2"
      },
      "engines": {
        "node": ">=14.0"
      }
    },
    "node_modules/@noble/curves": {
      "version": "2.0.1",
      "resolved": "https://registry.npmjs.org/@noble/curves/-/curves-2.0.1.tgz",
      "integrity": "sha512-vs1Az2OOTBiP4q0pwjW5aF0xp9n4MxVrmkFBxc6EKZc6ddYx5gaZiAsZoq0uRRXWbi3AT/sBqn05eRPtn1JCPw==",
      "license": "MIT",
      "dependencies": {
        "@noble/hashes": "2.0.1"
      },
      "engines": {
        "node": ">= 20.19.0"
      },
      "funding": {
        "url": "https://paulmillr.com/funding/"
      }
    },
      "version": "2.0.1",
      "resolved": "https://registry.npmjs.org/@noble/hashes/-/hashes-2.0.1.tgz",
      "integrity": "sha512-XlOlEbQcE9fmuXxrVTXCTlG2nlRXa9Rj3rr5Ue/+tX+nmkgbX720YHh0VR3hBF9xDvwnb8D2shVGOwNx+ulArw==",
      "license": "MIT",
        "node": ">= 20.19.0"
    "node_modules/@types/jsonld": {
      "version": "1.5.15",
      "resolved": "https://registry.npmjs.org/@types/jsonld/-/jsonld-1.5.15.tgz",
      "integrity": "sha512-PlAFPZjL+AuGYmwlqwKEL0IMP8M8RexH0NIPGfCVWSQ041H2rR/8OlyZSD7KsCVoN8vCfWdtWDBxX8yBVP+xow==",
      "license": "MIT"
    },
    "node_modules/bip32/node_modules/@noble/hashes": {
      "version": "1.8.0",
      "resolved": "https://registry.npmjs.org/@noble/hashes/-/hashes-1.8.0.tgz",
      "integrity": "sha512-jCs9ldd7NwzpgXDIf6P3+NrHh9/sD6CQdxHyjQI+h/6rDNo88ypBxxz45UDuZHz9r3tNz7N/VInSVoVdtXEI4A==",
      "license": "MIT",
      "engines": {
        "node": "^14.21.3 || >=16"
      },
      "funding": {
        "url": "https://paulmillr.com/funding/"
      }
    },
    "node_modules/bip39/node_modules/@noble/hashes": {
      "version": "1.8.0",
      "resolved": "https://registry.npmjs.org/@noble/hashes/-/hashes-1.8.0.tgz",
      "integrity": "sha512-jCs9ldd7NwzpgXDIf6P3+NrHh9/sD6CQdxHyjQI+h/6rDNo88ypBxxz45UDuZHz9r3tNz7N/VInSVoVdtXEI4A==",
      "license": "MIT",
      "engines": {
        "node": "^14.21.3 || >=16"
      },
      "funding": {
        "url": "https://paulmillr.com/funding/"
      }
    },
    "node_modules/bitcoinjs-lib/node_modules/@noble/hashes": {
      "version": "1.8.0",
      "resolved": "https://registry.npmjs.org/@noble/hashes/-/hashes-1.8.0.tgz",
      "integrity": "sha512-jCs9ldd7NwzpgXDIf6P3+NrHh9/sD6CQdxHyjQI+h/6rDNo88ypBxxz45UDuZHz9r3tNz7N/VInSVoVdtXEI4A==",
      "license": "MIT",
      "engines": {
        "node": "^14.21.3 || >=16"
      },
      "funding": {
        "url": "https://paulmillr.com/funding/"
      }
    },
    "node_modules/bs58check/node_modules/@noble/hashes": {
      "version": "1.8.0",
      "resolved": "https://registry.npmjs.org/@noble/hashes/-/hashes-1.8.0.tgz",
      "integrity": "sha512-jCs9ldd7NwzpgXDIf6P3+NrHh9/sD6CQdxHyjQI+h/6rDNo88ypBxxz45UDuZHz9r3tNz7N/VInSVoVdtXEI4A==",
      "license": "MIT",
      "engines": {
        "node": "^14.21.3 || >=16"
      },
      "funding": {
        "url": "https://paulmillr.com/funding/"
      }
    },
    "node_modules/canonicalize": {
      "version": "1.0.8",
      "resolved": "https://registry.npmjs.org/canonicalize/-/canonicalize-1.0.8.tgz",
      "integrity": "sha512-0CNTVCLZggSh7bc5VkX5WWPWO+cyZbNd07IHIsSXLia/eAq+r836hgk+8BKoEh7949Mda87VUOitx5OddVj64A==",
      "license": "Apache-2.0"
    },
      "version": "10.0.11",
      "resolved": "https://registry.npmjs.org/cbor/-/cbor-10.0.11.tgz",
      "integrity": "sha512-vIwORDd/WyB8Nc23o2zNN5RrtFGlR6Fca61TtjkUXueI3Jf2DOZDl1zsshvBntZ3wZHBM9ztjnkXSmzQDaq3WA==",
    "node_modules/jsonld": {
      "version": "8.3.3",
      "resolved": "https://registry.npmjs.org/jsonld/-/jsonld-8.3.3.tgz",
      "integrity": "sha512-9YcilrF+dLfg9NTEof/mJLMtbdX1RJ8dbWtJgE00cMOIohb1lIyJl710vFiTaiHTl6ZYODJuBd32xFvUhmv3kg==",
      "license": "BSD-3-Clause",
      "dependencies": {
        "@digitalbazaar/http-client": "^3.4.1",
        "canonicalize": "^1.0.1",
        "lru-cache": "^6.0.0",
        "rdf-canonize": "^3.4.0"
      },
      "engines": {
        "node": ">=14"
      }
    },
    "node_modules/jsonld/node_modules/lru-cache": {
      "version": "6.0.0",
      "resolved": "https://registry.npmjs.org/lru-cache/-/lru-cache-6.0.0.tgz",
      "integrity": "sha512-Jo6dJ04CmSjuznwJSS3pUeWmd/H0ffTlkXXgwZi+eq1UCmqQwCh+eLsYOYCwY991i2Fah4h1BEMCx4qThGbsiA==",
      "license": "ISC",
      "dependencies": {
        "yallist": "^4.0.0"
      },
      "engines": {
        "node": ">=10"
      }
    },
    "node_modules/jsonld/node_modules/yallist": {
      "version": "4.0.0",
      "resolved": "https://registry.npmjs.org/yallist/-/yallist-4.0.0.tgz",
      "integrity": "sha512-3wdGidZyq5PB084XLES5TpOSRA3wjXAlIWMhum2kRcv/41Sn2emQ0dycQW4uZXLejwKvg6EsvbdlVL+FYEct7A==",
      "license": "ISC"
    },
    "node_modules/ky": {
      "version": "0.33.3",
      "resolved": "https://registry.npmjs.org/ky/-/ky-0.33.3.tgz",
      "integrity": "sha512-CasD9OCEQSFIam2U8efFK81Yeg8vNMTBUqtMOHlrcWQHqUX3HeCl9Dr31u4toV7emlH8Mymk5+9p0lL6mKb/Xw==",
      "license": "MIT",
      "engines": {
        "node": ">=14.16"
      },
      "funding": {
        "url": "https://github.com/sindresorhus/ky?sponsor=1"
      }
    },
    "node_modules/ky-universal": {
      "version": "0.11.0",
      "resolved": "https://registry.npmjs.org/ky-universal/-/ky-universal-0.11.0.tgz",
      "integrity": "sha512-65KyweaWvk+uKKkCrfAf+xqN2/epw1IJDtlyCPxYffFCMR8u1sp2U65NtWpnozYfZxQ6IUzIlvUcw+hQ82U2Xw==",
      "license": "MIT",
      "dependencies": {
        "abort-controller": "^3.0.0",
        "node-fetch": "^3.2.10"
      },
      "engines": {
        "node": ">=14.16"
      },
      "funding": {
        "url": "https://github.com/sindresorhus/ky-universal?sponsor=1"
      },
      "peerDependencies": {
        "ky": ">=0.31.4",
        "web-streams-polyfill": ">=3.2.1"
      },
      "peerDependenciesMeta": {
        "web-streams-polyfill": {
          "optional": true
        }
      }
    },
    "node_modules/ky-universal/node_modules/node-fetch": {
      "version": "3.3.2",
      "resolved": "https://registry.npmjs.org/node-fetch/-/node-fetch-3.3.2.tgz",
      "integrity": "sha512-dRB78srN/l6gqWulah9SrxeYnxeddIG30+GOqK/9OlLVyLg3HPnr6SqOWTWOXKRwC2eGYCkZ59NNuSgvSrpgOA==",
      "license": "MIT",
      "dependencies": {
        "data-uri-to-buffer": "^4.0.0",
        "fetch-blob": "^3.1.4",
        "formdata-polyfill": "^4.0.10"
      },
      "engines": {
        "node": "^12.20.0 || ^14.13.1 || >=16.0.0"
      },
      "funding": {
        "type": "opencollective",
        "url": "https://opencollective.com/node-fetch"
      }
    },
    "node_modules/rdf-canonize": {
      "version": "3.4.0",
      "resolved": "https://registry.npmjs.org/rdf-canonize/-/rdf-canonize-3.4.0.tgz",
      "integrity": "sha512-fUeWjrkOO0t1rg7B2fdyDTvngj+9RlUyL92vOdiB7c0FPguWVsniIMjEtHH+meLBO9rzkUlUzBVXgWrjI8P9LA==",
      "license": "BSD-3-Clause",
      "dependencies": {
        "setimmediate": "^1.0.5"
      },
      "engines": {
        "node": ">=12"
      }
    },
    "node_modules/setimmediate": {
      "version": "1.0.5",
      "resolved": "https://registry.npmjs.org/setimmediate/-/setimmediate-1.0.5.tgz",
      "integrity": "sha512-MATJdZp8sLqDl/68LfQmbP8zKPLQNV6BIZoIgrscFDQ+RsvK/BxeDQOgyxKKoh0y/8h3BqVFnCqQ/gd+reiIXA==",
      "license": "MIT"
    },
    "@digitalbazaar/http-client": {
      "version": "3.4.1",
      "resolved": "https://registry.npmjs.org/@digitalbazaar/http-client/-/http-client-3.4.1.tgz",
      "integrity": "sha512-Ahk1N+s7urkgj7WvvUND5f8GiWEPfUw0D41hdElaqLgu8wZScI8gdI0q+qWw5N1d35x7GCRH2uk9mi+Uzo9M3g==",
      "requires": {
        "ky": "^0.33.3",
        "ky-universal": "^0.11.0",
        "undici": "^5.21.2"
      }
    },
    "@noble/curves": {
      "version": "2.0.1",
      "resolved": "https://registry.npmjs.org/@noble/curves/-/curves-2.0.1.tgz",
      "integrity": "sha512-vs1Az2OOTBiP4q0pwjW5aF0xp9n4MxVrmkFBxc6EKZc6ddYx5gaZiAsZoq0uRRXWbi3AT/sBqn05eRPtn1JCPw==",
      "requires": {
        "@noble/hashes": "2.0.1"
      }
    },
      "version": "2.0.1",
      "resolved": "https://registry.npmjs.org/@noble/hashes/-/hashes-2.0.1.tgz",
      "integrity": "sha512-XlOlEbQcE9fmuXxrVTXCTlG2nlRXa9Rj3rr5Ue/+tX+nmkgbX720YHh0VR3hBF9xDvwnb8D2shVGOwNx+ulArw=="
    "@types/jsonld": {
      "version": "1.5.15",
      "resolved": "https://registry.npmjs.org/@types/jsonld/-/jsonld-1.5.15.tgz",
      "integrity": "sha512-PlAFPZjL+AuGYmwlqwKEL0IMP8M8RexH0NIPGfCVWSQ041H2rR/8OlyZSD7KsCVoN8vCfWdtWDBxX8yBVP+xow=="
    },
      },
      "dependencies": {
        "@noble/hashes": {
          "version": "1.8.0",
          "resolved": "https://registry.npmjs.org/@noble/hashes/-/hashes-1.8.0.tgz",
          "integrity": "sha512-jCs9ldd7NwzpgXDIf6P3+NrHh9/sD6CQdxHyjQI+h/6rDNo88ypBxxz45UDuZHz9r3tNz7N/VInSVoVdtXEI4A=="
        }
      },
      "dependencies": {
        "@noble/hashes": {
          "version": "1.8.0",
          "resolved": "https://registry.npmjs.org/@noble/hashes/-/hashes-1.8.0.tgz",
          "integrity": "sha512-jCs9ldd7NwzpgXDIf6P3+NrHh9/sD6CQdxHyjQI+h/6rDNo88ypBxxz45UDuZHz9r3tNz7N/VInSVoVdtXEI4A=="
        }
        "@noble/hashes": {
          "version": "1.8.0",
          "resolved": "https://registry.npmjs.org/@noble/hashes/-/hashes-1.8.0.tgz",
          "integrity": "sha512-jCs9ldd7NwzpgXDIf6P3+NrHh9/sD6CQdxHyjQI+h/6rDNo88ypBxxz45UDuZHz9r3tNz7N/VInSVoVdtXEI4A=="
        },
      },
      "dependencies": {
        "@noble/hashes": {
          "version": "1.8.0",
          "resolved": "https://registry.npmjs.org/@noble/hashes/-/hashes-1.8.0.tgz",
          "integrity": "sha512-jCs9ldd7NwzpgXDIf6P3+NrHh9/sD6CQdxHyjQI+h/6rDNo88ypBxxz45UDuZHz9r3tNz7N/VInSVoVdtXEI4A=="
        }
    "canonicalize": {
      "version": "1.0.8",
      "resolved": "https://registry.npmjs.org/canonicalize/-/canonicalize-1.0.8.tgz",
      "integrity": "sha512-0CNTVCLZggSh7bc5VkX5WWPWO+cyZbNd07IHIsSXLia/eAq+r836hgk+8BKoEh7949Mda87VUOitx5OddVj64A=="
    },
      "version": "10.0.11",
      "resolved": "https://registry.npmjs.org/cbor/-/cbor-10.0.11.tgz",
      "integrity": "sha512-vIwORDd/WyB8Nc23o2zNN5RrtFGlR6Fca61TtjkUXueI3Jf2DOZDl1zsshvBntZ3wZHBM9ztjnkXSmzQDaq3WA==",
    "jsonld": {
      "version": "8.3.3",
      "resolved": "https://registry.npmjs.org/jsonld/-/jsonld-8.3.3.tgz",
      "integrity": "sha512-9YcilrF+dLfg9NTEof/mJLMtbdX1RJ8dbWtJgE00cMOIohb1lIyJl710vFiTaiHTl6ZYODJuBd32xFvUhmv3kg==",
      "requires": {
        "@digitalbazaar/http-client": "^3.4.1",
        "canonicalize": "^1.0.1",
        "lru-cache": "^6.0.0",
        "rdf-canonize": "^3.4.0"
      },
      "dependencies": {
        "lru-cache": {
          "version": "6.0.0",
          "resolved": "https://registry.npmjs.org/lru-cache/-/lru-cache-6.0.0.tgz",
          "integrity": "sha512-Jo6dJ04CmSjuznwJSS3pUeWmd/H0ffTlkXXgwZi+eq1UCmqQwCh+eLsYOYCwY991i2Fah4h1BEMCx4qThGbsiA==",
          "requires": {
            "yallist": "^4.0.0"
          }
        },
        "yallist": {
          "version": "4.0.0",
          "resolved": "https://registry.npmjs.org/yallist/-/yallist-4.0.0.tgz",
          "integrity": "sha512-3wdGidZyq5PB084XLES5TpOSRA3wjXAlIWMhum2kRcv/41Sn2emQ0dycQW4uZXLejwKvg6EsvbdlVL+FYEct7A=="
        }
      }
    },
    "ky": {
      "version": "0.33.3",
      "resolved": "https://registry.npmjs.org/ky/-/ky-0.33.3.tgz",
      "integrity": "sha512-CasD9OCEQSFIam2U8efFK81Yeg8vNMTBUqtMOHlrcWQHqUX3HeCl9Dr31u4toV7emlH8Mymk5+9p0lL6mKb/Xw=="
    },
    "ky-universal": {
      "version": "0.11.0",
      "resolved": "https://registry.npmjs.org/ky-universal/-/ky-universal-0.11.0.tgz",
      "integrity": "sha512-65KyweaWvk+uKKkCrfAf+xqN2/epw1IJDtlyCPxYffFCMR8u1sp2U65NtWpnozYfZxQ6IUzIlvUcw+hQ82U2Xw==",
      "requires": {
        "abort-controller": "^3.0.0",
        "node-fetch": "^3.2.10"
      },
      "dependencies": {
        "node-fetch": {
          "version": "3.3.2",
          "resolved": "https://registry.npmjs.org/node-fetch/-/node-fetch-3.3.2.tgz",
          "integrity": "sha512-dRB78srN/l6gqWulah9SrxeYnxeddIG30+GOqK/9OlLVyLg3HPnr6SqOWTWOXKRwC2eGYCkZ59NNuSgvSrpgOA==",
          "requires": {
            "data-uri-to-buffer": "^4.0.0",
            "fetch-blob": "^3.1.4",
            "formdata-polyfill": "^4.0.10"
          }
        }
      }
    },
    "rdf-canonize": {
      "version": "3.4.0",
      "resolved": "https://registry.npmjs.org/rdf-canonize/-/rdf-canonize-3.4.0.tgz",
      "integrity": "sha512-fUeWjrkOO0t1rg7B2fdyDTvngj+9RlUyL92vOdiB7c0FPguWVsniIMjEtHH+meLBO9rzkUlUzBVXgWrjI8P9LA==",
      "requires": {
        "setimmediate": "^1.0.5"
      }
    },
    "setimmediate": {
      "version": "1.0.5",
      "resolved": "https://registry.npmjs.org/setimmediate/-/setimmediate-1.0.5.tgz",
      "integrity": "sha512-MATJdZp8sLqDl/68LfQmbP8zKPLQNV6BIZoIgrscFDQ+RsvK/BxeDQOgyxKKoh0y/8h3BqVFnCqQ/gd+reiIXA=="
    },
